
Microsoft Visual Studio Solution File, Format Version 12.00
# Visual Studio Version 17
VisualStudioVersion = 17.11.35222.181
MinimumVisualStudioVersion = 10.0.40219.1
Project("{FAE04EC0-301F-11D3-BF4B-00C04F79EFBC}") = "GestionInventario", "GestionInventario\GestionInventario.csproj", "{3C107496-E60C-423C-B67F-15EE83307FAE}"
EndProject
Global
	GlobalSection(SolutionConfigurationPlatforms) = preSolution
		Debug|Any CPU = Debug|Any CPU
		Release|Any CPU = Release|Any CPU
	EndGlobalSection
	GlobalSection(ProjectConfigurationPlatforms) = postSolution
		{3C107496-E60C-423C-B67F-15EE83307FAE}.Debug|Any CPU.ActiveCfg = Debug|Any CPU
		{3C107496-E60C-423C-B67F-15EE83307FAE}.Debug|Any CPU.Build.0 = Debug|Any CPU
		{3C107496-E60C-423C-B67F-15EE83307FAE}.Release|Any CPU.ActiveCfg = Release|Any CPU
		{3C107496-E60C-423C-B67F-15EE83307FAE}.Release|Any CPU.Build.0 = Release|Any CPU
	EndGlobalSection
	GlobalSection(SolutionProperties) = preSolution
		HideSolutionNode = FALSE
	EndGlobalSection
	GlobalSection(ExtensibilityGlobals) = postSolution
		SolutionGuid = {8EB4794A-8D6B-4895-837C-E83C4D94005F}
	EndGlobalSection
EndGlobal
